
Microsoft Visual Studio Solution File, Format Version 12.00
# Visual Studio Version 17
VisualStudioVersion = 17.10.35122.118
MinimumVisualStudioVersion = 10.0.40219.1
Project("{FAE04EC0-301F-11D3-BF4B-00C04F79EFBC}") = "Salary", "Salary.csproj", "{6897C3C7-4F5C-4C77-81E8-2041D6A592A2}"
EndProject
Global
	GlobalSection(SolutionConfigurationPlatforms) = preSolution
		Debug|Any CPU = Debug|Any CPU
		Release|Any CPU = Release|Any CPU
	EndGlobalSection
	GlobalSection(ProjectConfigurationPlatforms) = postSolution
		{6897C3C7-4F5C-4C77-81E8-2041D6A592A2}.Debug|Any CPU.ActiveCfg = Debug|Any CPU
		{6897C3C7-4F5C-4C77-81E8-2041D6A592A2}.Debug|Any CPU.Build.0 = Debug|Any CPU
		{6897C3C7-4F5C-4C77-81E8-2041D6A592A2}.Release|Any CPU.ActiveCfg = Release|Any CPU
		{6897C3C7-4F5C-4C77-81E8-2041D6A592A2}.Release|Any CPU.Build.0 = Release|Any CPU
	EndGlobalSection
	GlobalSection(SolutionProperties) = preSolution
		HideSolutionNode = FALSE
	EndGlobalSection
	GlobalSection(ExtensibilityGlobals) = postSolution
		SolutionGuid = {3C017F38-70EA-4CD6-887A-5474ADD524FE}
	EndGlobalSection
EndGlobal
